PODS:
  - audioplayers (0.0.1):
    - Flutter
  - Flutter (1.0.0)
  - flutter_audio_recorder (0.4.5):
    - Flutter
  - path_provider (0.0.1):
    - Flutter

DEPENDENCIES:
  - audioplayers (from `.symlinks/plugins/audioplayers/ios`)
  - Flutter (from `.symlinks/flutter/ios`)
  - flutter_audio_recorder (from `.symlinks/plugins/flutter_audio_recorder/ios`)
  - path_provider (from `.symlinks/plugins/path_provider/ios`)

EXTERNAL SOURCES:
  audioplayers:
    :path: ".symlinks/plugins/audioplayers/ios"
  Flutter:
    :path: ".symlinks/flutter/ios"
  flutter_audio_recorder:
    :path: ".symlinks/plugins/flutter_audio_recorder/ios"
  path_provider:
    :path: ".symlinks/plugins/path_provider/ios"

SPEC CHECKSUMS:
  audioplayers: 84f968cea3f2deab00ec4f8ff53358b3c0b3992c
  Flutter: 0e3d915762c693b495b44d77113d4970485de6ec
  flutter_audio_recorder: d44a21331c96ce09be664cdfe1db54a58951fdf1
  path_provider: f96fff6166a8867510d2c25fdcc346327cc4b259

PODFILE CHECKSUM: 1684eb5a3603bbff42054fc5031250e7ae86cfe4

COCOAPODS: 1.7.5
